{
  "requires": true,
  "lockfileVersion": 1,
  "dependencies": {
    "random-lotr-movie-quote": {
      "version": "1.1.1",
      "resolved": "https://registry.npmjs.org/random-lotr-movie-quote/-/random-lotr-movie-quote-1.1.1.tgz",
      "integrity": "sha512-Ee2VTLYaNJxaA2TM0nJJBZY4hvvJ3bXuLvSMMi4HlIklctVaxFZGWFrV51zYJB/y1TbUUH9+stOanC/Cn92VPg=="
    }
  }
}
